{
  "version": 4,
  "terraform_version": "1.5.7",
  "serial": 45,
  "lineage": "911f718c-4acc-7dd2-6956-31edbbe1fc32",
  "outputs": {},
  "resources": [
    {
      "module": "module.access_control",
      "mode": "managed",
      "type": "google_project_iam_binding",
      "name": "role_bindings",
      "provider": "provider[\"registry.terraform.io/hashicorp/google\"]",
      "instances": [
        {
          "index_key": "roles/cloudbuild.builds.editor",
          "schema_version": 0,
          "attributes": {
            "condition": [],
            "etag": "BwY+tQlKCRM=",
            "id": "ivory-mountain-470414-k1/roles/cloudbuild.builds.editor",
            "members": [
              "user:dockwalls2@gmail.com"
            ],
            "project": "ivory-mountain-470414-k1",
            "role": "roles/cloudbuild.builds.editor"
          },
          "sensitive_attributes": [],
          "private": "bnVsbA=="
        },
        {
          "index_key": "roles/iam.serviceAccountUser",
          "schema_version": 0,
          "attributes": {
            "condition": [],
            "etag": "BwY+tQlKCRM=",
            "id": "ivory-mountain-470414-k1/roles/iam.serviceAccountUser",
            "members": [
              "user:dockwalls2@gmail.com"
            ],
            "project": "ivory-mountain-470414-k1",
            "role": "roles/iam.serviceAccountUser"
          },
          "sensitive_attributes": [],
          "private": "bnVsbA=="
        },
        {
          "index_key": "roles/secretmanager.secretAccessor",
          "schema_version": 0,
          "attributes": {
            "condition": [],
            "etag": "BwY+tQlKCRM=",
            "id": "ivory-mountain-470414-k1/roles/secretmanager.secretAccessor",
            "members": [
              "user:dockwalls2@gmail.com"
            ],
            "project": "ivory-mountain-470414-k1",
            "role": "roles/secretmanager.secretAccessor"
          },
          "sensitive_attributes": [],
          "private": "bnVsbA=="
        }
      ]
    },
    {
      "module": "module.compliance",
      "mode": "managed",
      "type": "null_resource",
      "name": "rulebook_check",
      "provider": "provider[\"registry.terraform.io/hashicorp/null\"]",
      "instances": [
        {
          "schema_version": 0,
          "attributes": {
            "id": "2713493867922615760",
            "triggers": null
          },
          "sensitive_attributes": []
        }
      ]
    },
    {
      "module": "module.compliance",
      "mode": "managed",
      "type": "null_resource",
      "name": "tf_validate",
      "provider": "provider[\"registry.terraform.io/hashicorp/null\"]",
      "instances": [
        {
          "schema_version": 0,
          "attributes": {
            "id": "4381727821090348922",
            "triggers": null
          },
          "sensitive_attributes": []
        }
      ]
    }
  ],
  "check_results": null
}
